
Microsoft Visual Studio Solution File, Format Version 12.00
# Visual Studio Version 16
VisualStudioVersion = 16.0.29609.76
MinimumVisualStudioVersion = 10.0.40219.1
Project("{FAE04EC0-301F-11D3-BF4B-00C04F79EFBC}") = "Entities", "Entities\Entities.csproj", "{F852EBC3-8043-47E6-ABC8-BD10A5457F23}"
EndProject
Project("{FAE04EC0-301F-11D3-BF4B-00C04F79EFBC}") = "DataAccess", "DataAccess\DataAccess.csproj", "{B2E05D3A-FFE9-4465-B20F-846830E40BE3}"
EndProject
Project("{FAE04EC0-301F-11D3-BF4B-00C04F79EFBC}") = "Business", "Business\Business.csproj", "{48229FB2-3BCE-4D51-AF76-AF2CA292529A}"
EndProject
Project("{FAE04EC0-301F-11D3-BF4B-00C04F79EFBC}") = "Core", "Core\Core.csproj", "{A9F2B264-100B-476F-A8F6-45CA3D5876BF}"
EndProject
Project("{FAE04EC0-301F-11D3-BF4B-00C04F79EFBC}") = "WebAPI", "WebAPI\WebAPI.csproj", "{4738BE07-B82D-4103-B8F6-576BD02E1E74}"
EndProject
Global
	GlobalSection(SolutionConfigurationPlatforms) = preSolution
		Debug|Any CPU = Debug|Any CPU
		Release|Any CPU = Release|Any CPU
	EndGlobalSection
	GlobalSection(ProjectConfigurationPlatforms) = postSolution
		{F852EBC3-8043-47E6-ABC8-BD10A5457F23}.Debug|Any CPU.ActiveCfg = Debug|Any CPU
		{F852EBC3-8043-47E6-ABC8-BD10A5457F23}.Debug|Any CPU.Build.0 = Debug|Any CPU
		{F852EBC3-8043-47E6-ABC8-BD10A5457F23}.Release|Any CPU.ActiveCfg = Release|Any CPU
		{F852EBC3-8043-47E6-ABC8-BD10A5457F23}.Release|Any CPU.Build.0 = Release|Any CPU
		{B2E05D3A-FFE9-4465-B20F-846830E40BE3}.Debug|Any CPU.ActiveCfg = Debug|Any CPU
		{B2E05D3A-FFE9-4465-B20F-846830E40BE3}.Debug|Any CPU.Build.0 = Debug|Any CPU
		{B2E05D3A-FFE9-4465-B20F-846830E40BE3}.Release|Any CPU.ActiveCfg = Release|Any CPU
		{B2E05D3A-FFE9-4465-B20F-846830E40BE3}.Release|Any CPU.Build.0 = Release|Any CPU
		{48229FB2-3BCE-4D51-AF76-AF2CA292529A}.Debug|Any CPU.ActiveCfg = Debug|Any CPU
		{48229FB2-3BCE-4D51-AF76-AF2CA292529A}.Debug|Any CPU.Build.0 = Debug|Any CPU
		{48229FB2-3BCE-4D51-AF76-AF2CA292529A}.Release|Any CPU.ActiveCfg = Release|Any CPU
		{48229FB2-3BCE-4D51-AF76-AF2CA292529A}.Release|Any CPU.Build.0 = Release|Any CPU
		{A9F2B264-100B-476F-A8F6-45CA3D5876BF}.Debug|Any CPU.ActiveCfg = Debug|Any CPU
		{A9F2B264-100B-476F-A8F6-45CA3D5876BF}.Debug|Any CPU.Build.0 = Debug|Any CPU
		{A9F2B264-100B-476F-A8F6-45CA3D5876BF}.Release|Any CPU.ActiveCfg = Release|Any CPU
		{A9F2B264-100B-476F-A8F6-45CA3D5876BF}.Release|Any CPU.Build.0 = Release|Any CPU
		{4738BE07-B82D-4103-B8F6-576BD02E1E74}.Debug|Any CPU.ActiveCfg = Debug|Any CPU
		{4738BE07-B82D-4103-B8F6-576BD02E1E74}.Debug|Any CPU.Build.0 = Debug|Any CPU
		{4738BE07-B82D-4103-B8F6-576BD02E1E74}.Release|Any CPU.ActiveCfg = Release|Any CPU
		{4738BE07-B82D-4103-B8F6-576BD02E1E74}.Release|Any CPU.Build.0 = Release|Any CPU
	EndGlobalSection
	GlobalSection(SolutionProperties) = preSolution
		HideSolutionNode = FALSE
	EndGlobalSection
	GlobalSection(ExtensibilityGlobals) = postSolution
		SolutionGuid = {CED3D63D-7448-4470-B0FF-9B22B38C3EA6}
	EndGlobalSection
EndGlobal
